{
  "name": "@y13i/sort-keys-cli",
  "version": "0.5.2",
  "lockfileVersion": 3,
  "requires": true,
  "packages": {
    "": {
      "name": "@y13i/sort-keys-cli",
      "version": "0.5.2",
      "license": "MIT",
      "dependencies": {
        "@y13i/sort-keys": "0.4.0",
        "commander": "14.0.0",
        "js-yaml": "4.1.0"
      },
      "bin": {
        "sort-keys": "bin/index.js"
      },
      "engines": {
        "node": ">=18.20.0"
      }
    },
    "node_modules/@y13i/sort-keys": {
      "version": "0.4.0",
      "resolved": "https://registry.npmjs.org/@y13i/sort-keys/-/sort-keys-0.4.0.tgz",
      "integrity": "sha512-RmFSsgeoHE7hVi4uCQEDi9t1tN6tnPIaNgeHzQPpMa2VoRCgZejlf640G/urxcFt2GWZZSDxwEQ9ysdGSDAqWg==",
      "license": "MIT",
      "engines": {
        "node": ">=18"
      }
    },
    "node_modules/argparse": {
      "version": "2.0.1",
      "resolved": "https://registry.npmjs.org/argparse/-/argparse-2.0.1.tgz",
      "integrity": "sha512-8+9WqebbFzpX9OR+Wa6O29asIogeRMzcGtAINdpMHHyAg10f05aSFVBbcEqGf/PXw1EjAZ+q2/bEBg3DvurK3Q=="
    },
    "node_modules/commander": {
      "version": "14.0.0",
      "resolved": "https://registry.npmjs.org/commander/-/commander-14.0.0.tgz",
      "integrity": "sha512-2uM9rYjPvyq39NwLRqaiLtWHyDC1FvryJDa2ATTVims5YAS4PupsEQsDvP14FqhFr0P49CYDugi59xaxJlTXRA==",
      "license": "MIT",
      "engines": {
        "node": ">=20"
      }
    },
    "node_modules/js-yaml": {
      "version": "4.1.0",
      "resolved": "https://registry.npmjs.org/js-yaml/-/js-yaml-4.1.0.tgz",
      "integrity": "sha512-wpxZs9NoxZaJESJGIZTyDEaYpl0FKSA+FB9aJiyemKhMwkxQg63h4T1KJgUGHpTqPDNRcmmYLugrRjJlBtWvRA==",
      "dependencies": {
        "argparse": "^2.0.1"
      },
      "bin": {
        "js-yaml": "bin/js-yaml.js"
      }
    }
  }
}
