---
lockfileVersion: '9.0'

importers:

  .:
    configDependencies: {}
    packageManagerDependencies:
      pnpm:
        specifier: 12.10.0
        version: 12.10.0

packages:

  '@pnpm/exe.android-arm64@12.10.0':
    resolution: {integrity: sha512-QMMRzOI/7CU4xLbKY6O2BZn3VI4+a8LLyim18H7it8llBWuBPMqDqUURE8045k+7lI8/lI2/tElhyKptEviKDQ==}
    cpu: [arm64]
    os: [android]

  '@pnpm/exe.android-x64@12.10.0':
    resolution: {integrity: sha512-41zwlROW+t523Nfqo4rWp8IPiSK5vnAWrnCey26Je45rX1SMNc4ABY7OFmPw41/t+Y0CE+4tjTj+0s9YGqPM5w==}
    cpu: [x64]
    os: [android]

  '@pnpm/exe.darwin-arm64@12.10.0':
    resolution: {integrity: sha512-L+r7AD8Fjf8Vcc4ZRJl+Pjzc27CIeQ/FiRwPmOluFO2UcXubmGHdW+OuMUxrU0vkoXiGR61Ft0RtaPwTRY4W/g==}
    cpu: [arm64]
    os: [darwin]

  '@pnpm/exe.darwin-x64@12.10.0':
    resolution: {integrity: sha512-/TCF1K6E+4PnbkLgqGS1Iqlf5bHp6FDzuXgu6++PMMAFkF7Yk5EF3BcfG1gYYjpkvlJBccvVMsRBnWFbSyqu1w==}
    cpu: [x64]
    os: [darwin]

  '@pnpm/exe.freebsd-x64@12.10.0':
    resolution: {integrity: sha512-k7/WFA91E2qhnR/2EOEv402U8bjP758y2pybbdiB5Hrd4KhgviVOJp5cFrXpKgd8HZJs/RZN7cdmMvU2Q2BVgg==}
    cpu: [x64]
    os: [freebsd]

  '@pnpm/exe.linux-arm64-musl@12.10.0':
    resolution: {integrity: sha512-ChD8bN0lRCRaL+CMOaMUgZQ4WHzEkDXmDHrZgXgdoo6yymQKKzr66Ic7Sl/D7Ky1cVUcFEzHjlq4fGDJwt6Lqg==}
    cpu: [arm64]
    os: [linux]
    libc: [musl]

  '@pnpm/exe.linux-arm64@12.10.0':
    resolution: {integrity: sha512-egl5RUSQFh7kETBdmMhaTuaQKP1pjH6Cxq370zgpFFKJXF+GGkIzK+jLNazrjX9pKIWF3iqn7kUeyP6yKxzBoA==}
    cpu: [arm64]
    os: [linux]
    libc: [glibc]

  '@pnpm/exe.linux-ppc64@12.10.0':
    resolution: {integrity: sha512-YJ6bEZ+stPpv71CGfGQQeyIpMx/zSMEcAXQzG+rjBtzVfyNsxYciRevhJ+PE9b2qKqN78Mh/1tOMmx9ly4VXGw==}
    cpu: [ppc64]
    os: [linux]
    libc: [glibc]

  '@pnpm/exe.linux-riscv64@12.10.0':
    resolution: {integrity: sha512-njfd4euctC1zH1nVBbm6+r1c+0y/TtgqN523rk/KMSxqItpV5QAVa9Yz48Rt5DOIKmuLq7xXOhsQodBlbTk3pw==}
    cpu: [riscv64]
    os: [linux]
    libc: [glibc]

  '@pnpm/exe.linux-s390x@12.10.0':
    resolution: {integrity: sha512-4JI2F8pYGMcsG6ny61OiBSvZeDozc64TbPozbTU2X5uCsaFCsCvcpr/WwyypwCv+/mNjcIhaKhlxpwJYsnteIg==}
    cpu: [s390x]
    os: [linux]
    libc: [glibc]

  '@pnpm/exe.linux-x64-musl@12.10.0':
    resolution: {integrity: sha512-xayd2iG8ugdvjlGeOvsfm+iSe0bFu9RTX3/8HWOLAQmHdbLKi4hPbxP0S4c9tj8pNej/IxVBQLJksRXFlhNjPw==}
    cpu: [x64]
    os: [linux]
    libc: [musl]

  '@pnpm/exe.linux-x64@12.10.0':
    resolution: {integrity: sha512-PFkzWEghFLKuocxMHtn57mlJ59f5aBbqjX6FCUtiunEHqxTxOibSduQPs3Llm6VWbAXBjD3VrX29Z+bjU1Dpyw==}
    cpu: [x64]
    os: [linux]
    libc: [glibc]

  '@pnpm/exe.win32-arm64@12.10.0':
    resolution: {integrity: sha512-0HtTS+TLONWd/dNSczyOkK0UeZ36cbdhC/2ljZ61DPhvc4jTb7ur0yU47On0in7Im3yXwzTY4vtF8ykrDwc+NQ==}
    cpu: [arm64]
    os: [win32]

  '@pnpm/exe.win32-x64@12.10.0':
    resolution: {integrity: sha512-IcW3rehTGzJ7YnmHEWnbnJakjbBmnH0r29qiajK9+6b9psMF9IjocFr0dyitRVSfXxyW/FI5PIK3mOswGoyFTg==}
    cpu: [x64]
    os: [win32]

  pnpm@12.10.0:
    resolution: {integrity: sha512-Eip7bd+dQCaLwNsal4CJm5Xk+out/Ke9RQYVrYz3wmWfX1acIO18U4hrx7CNDVClT0rVBwaEf1aC7GxQSEFlOQ==}
    engines: {node: '>=18.*'}
    hasBin: true

snapshots:

  '@pnpm/exe.android-arm64@12.10.0':
    optional: true

  '@pnpm/exe.android-x64@12.10.0':
    optional: true

  '@pnpm/exe.darwin-arm64@12.10.0':
    optional: true

  '@pnpm/exe.darwin-x64@12.10.0':
    optional: true

  '@pnpm/exe.freebsd-x64@12.10.0':
    optional: true

  '@pnpm/exe.linux-arm64-musl@12.10.0':
    optional: true

  '@pnpm/exe.linux-arm64@12.10.0':
    optional: true

  '@pnpm/exe.linux-ppc64@12.10.0':
    optional: true

  '@pnpm/exe.linux-riscv64@12.10.0':
    optional: true

  '@pnpm/exe.linux-s390x@12.10.0':
    optional: true

  '@pnpm/exe.linux-x64-musl@12.10.0':
    optional: true

  '@pnpm/exe.linux-x64@12.10.0':
    optional: true

  '@pnpm/exe.win32-arm64@12.10.0':
    optional: true

  '@pnpm/exe.win32-x64@12.10.0':
    optional: true

  pnpm@12.10.0:
    optionalDependencies:
      '@pnpm/exe.android-arm64': 12.10.0
      '@pnpm/exe.android-x64': 12.10.0
      '@pnpm/exe.darwin-arm64': 12.10.0
      '@pnpm/exe.darwin-x64': 12.10.0
      '@pnpm/exe.freebsd-x64': 12.10.0
      '@pnpm/exe.linux-arm64': 12.10.0
      '@pnpm/exe.linux-arm64-musl': 12.10.0
      '@pnpm/exe.linux-ppc64': 12.10.0
      '@pnpm/exe.linux-riscv64': 12.10.0
      '@pnpm/exe.linux-s390x': 12.10.0
      '@pnpm/exe.linux-x64': 12.10.0
      '@pnpm/exe.linux-x64-musl': 12.10.0
      '@pnpm/exe.win32-arm64': 12.10.0
      '@pnpm/exe.win32-x64': 12.10.0

---
lockfileVersion: '9.0'

settings:
  autoInstallPeers: true
  excludeLinksFromLockfile: false

importers:

  .:
    dependencies:
      '@y13i/sort-keys':
        specifier: 0.8.3
        version: 0.8.3
      commander:
        specifier: 15.0.0
        version: 15.0.0
      js-yaml:
        specifier: 5.4.3
        version: 5.4.3
    devDependencies:
      '@biomejs/biome':
        specifier: 2.5.15
        version: 2.5.15

packages:

  '@biomejs/biome@2.5.15':
    resolution: {integrity: sha512-WZTW4slm/pdkh92K6t/3aEN++44JD1PQ7squ7RCMLI1flHGl43DVOIGXvCjHiZgBMO1V4uYxoFNtqrIA4qGuIQ==}
    engines: {node: '>=14.21.3'}
    hasBin: true

  '@biomejs/cli-darwin-arm64@2.5.15':
    resolution: {integrity: sha512-BZVzFhJ/mUvTLMYbc9x6el0o2Uv5zP7bACYyhFb6fSc1giroXm7PL0a5KqMJ9F+/BnkYRjagD/ROSDVOZ6eapg==}
    engines: {node: '>=14.21.3'}
    cpu: [arm64]
    os: [darwin]

  '@biomejs/cli-darwin-x64@2.5.15':
    resolution: {integrity: sha512-V5Kw63V+fVGNFhFrizDxMbGXAzZCh8kYzJpy3GI6gTapWDg7bZK9oYC9CbVgQSEdTnupz0U5Efz8Ev+5vdBBXw==}
    engines: {node: '>=14.21.3'}
    cpu: [x64]
    os: [darwin]

  '@biomejs/cli-linux-arm64-musl@2.5.15':
    resolution: {integrity: sha512-tGzZUTcJCV7tj5Adh/Gn6nR4MycqA3iohq2LEcrarAgRBkU0h0OKd2UzCRkOsOYOuUGaUJb4YmqRqyy2feGGSw==}
    engines: {node: '>=14.21.3'}
    cpu: [arm64]
    os: [linux]
    libc: [musl]

  '@biomejs/cli-linux-arm64@2.5.15':
    resolution: {integrity: sha512-XaG7P7eeSLYETD3K9grfB0mQmpLQZjygdbsxekWBJAg4am79fGAtRpfRyNnTvXB2fZFNnJZG3nXm7HBat0+VUw==}
    engines: {node: '>=14.21.3'}
    cpu: [arm64]
    os: [linux]
    libc: [glibc]

  '@biomejs/cli-linux-x64-musl@2.5.15':
    resolution: {integrity: sha512-IlxUcyxilVGPsE008x13pWdkTbU3nQpP2i9b5UrbOYj6goBkKsRX1XB7yJLcV+O1H9LBchIIm4adOaVLZBX0ZQ==}
    engines: {node: '>=14.21.3'}
    cpu: [x64]
    os: [linux]
    libc: [musl]

  '@biomejs/cli-linux-x64@2.5.15':
    resolution: {integrity: sha512-xE4iEW/3LqlYj9GFgGrFsFSH51dEEpUbYWBfeOv0q87WkUDxK2o/HhreSb7qMJqck70RVM6Lg96hgedcAYcOkA==}
    engines: {node: '>=14.21.3'}
    cpu: [x64]
    os: [linux]
    libc: [glibc]

  '@biomejs/cli-win32-arm64@2.5.15':
    resolution: {integrity: sha512-2kPKzhNlm8C+Ru3GcO0Me2ODkCBLrVOUNuyi84RJyWDVKAA4+Kjj3jMjL938lF6BRfvltC4vB2nPY9SvN51Ovg==}
    engines: {node: '>=14.21.3'}
    cpu: [arm64]
    os: [win32]

  '@biomejs/cli-win32-x64@2.5.15':
    resolution: {integrity: sha512-yAzh4UqEImV6Hcy0zjUqNfJAsUhoD64FBQCdTG8Md/Z2wQeVP/ZmJ3XRYAs1g8J9fjTFyl2fCtc5FB5til47+g==}
    engines: {node: '>=14.21.3'}
    cpu: [x64]
    os: [win32]

  '@y13i/sort-keys@0.8.3':
    resolution: {integrity: sha512-LoGVAVCnUrwcgeplN/5MxfHnybgO2BAL/fp6gpjc+oVvCRB7HNSPvf19jja0w6yFrSAYM+cId51RJoI7H8j8qg==}
    engines: {node: '>=22'}

  argparse@2.0.1:
    resolution: {integrity: sha512-8+9WqebbFzpX9OR+Wa6O29asIogeRMzcGtAINdpMHHyAg10f05aSFVBbcEqGf/PXw1EjAZ+q2/bEBg3DvurK3Q==}

  commander@15.0.0:
    resolution: {integrity: sha512-z67u4ZhzCL/Tydu1lJARtEZYWbWaN7oYLHbsuzocr6y4N6WZAagG3RQ4FW61V1/0+jImpj293XfrcYnd1qxtPg==}
    engines: {node: '>=22.12.0'}

  js-yaml@5.4.3:
    resolution: {integrity: sha512-yzzNtgczwgoVHNigCyKTXcQJU4Y8t/ikU4UxXW0BvrLfHTGWZhsNcOT2s/a7vn81/4KqVnNmHjaUEPlvWnNwVw==}
    hasBin: true

snapshots:

  '@biomejs/biome@2.5.15':
    optionalDependencies:
      '@biomejs/cli-darwin-arm64': 2.5.15
      '@biomejs/cli-darwin-x64': 2.5.15
      '@biomejs/cli-linux-arm64': 2.5.15
      '@biomejs/cli-linux-arm64-musl': 2.5.15
      '@biomejs/cli-linux-x64': 2.5.15
      '@biomejs/cli-linux-x64-musl': 2.5.15
      '@biomejs/cli-win32-arm64': 2.5.15
      '@biomejs/cli-win32-x64': 2.5.15

  '@biomejs/cli-darwin-arm64@2.5.15':
    optional: true

  '@biomejs/cli-darwin-x64@2.5.15':
    optional: true

  '@biomejs/cli-linux-arm64-musl@2.5.15':
    optional: true

  '@biomejs/cli-linux-arm64@2.5.15':
    optional: true

  '@biomejs/cli-linux-x64-musl@2.5.15':
    optional: true

  '@biomejs/cli-linux-x64@2.5.15':
    optional: true

  '@biomejs/cli-win32-arm64@2.5.15':
    optional: true

  '@biomejs/cli-win32-x64@2.5.15':
    optional: true

  '@y13i/sort-keys@0.8.3': {}

  argparse@2.0.1: {}

  commander@15.0.0: {}

  js-yaml@5.4.3:
    dependencies:
      argparse: 2.0.1
